
Microsoft Visual Studio Solution File, Format Version 9.00
# Visual Studio 2005
Project("{FAE04EC0-301F-11D3-BF4B-00C04F79EFBC}") = "NeatUpload-VS2005", "NeatUpload-VS2005.csproj", "{44A9EFD1-9FD3-467C-A254-2E4C32D13843}"
EndProject
Project("{E24C65DC-7377-472B-9ABA-BC803B73C61A}") = "NeatUpload-Demo-VS2005", ".", "{0A5DE89E-1A58-4680-B46A-D3CC9D0E871C}"
	ProjectSection(WebsiteProperties) = preProject
		ProjectReferences = "{44A9EFD1-9FD3-467C-A254-2E4C32D13843}|Brettle.Web.NeatUpload.dll.dll;"
		Debug.AspNetCompiler.VirtualPath = "/NeatUpload-Demo-VS2005"
		Debug.AspNetCompiler.PhysicalPath = ".\"
		Debug.AspNetCompiler.TargetPath = "PrecompiledWeb\NeatUpload-Demo-VS2005\"
		Debug.AspNetCompiler.Updateable = "true"
		Debug.AspNetCompiler.ForceOverwrite = "true"
		Debug.AspNetCompiler.FixedNames = "false"
		Debug.AspNetCompiler.Debug = "True"
		Release.AspNetCompiler.VirtualPath = "/NeatUpload-Demo-VS2005"
		Release.AspNetCompiler.PhysicalPath = ".\"
		Release.AspNetCompiler.TargetPath = "PrecompiledWeb\NeatUpload-Demo-VS2005\"
		Release.AspNetCompiler.Updateable = "true"
		Release.AspNetCompiler.ForceOverwrite = "true"
		Release.AspNetCompiler.FixedNames = "false"
		Release.AspNetCompiler.Debug = "False"
		VWDPort = "2363"
		DefaultWebSiteLanguage = "Visual C#"
	EndProjectSection
EndProject
Global
	GlobalSection(SolutionConfigurationPlatforms) = preSolution
		Debug|.NET = Debug|.NET
		Debug|Any CPU = Debug|Any CPU
		Debug|Mixed Platforms = Debug|Mixed Platforms
		Release|.NET = Release|.NET
		Release|Any CPU = Release|Any CPU
		Release|Mixed Platforms = Release|Mixed Platforms
	EndGlobalSection
	GlobalSection(ProjectConfigurationPlatforms) = postSolution
		{44A9EFD1-9FD3-467C-A254-2E4C32D13843}.Debug|.NET.ActiveCfg = Debug|Any CPU
		{44A9EFD1-9FD3-467C-A254-2E4C32D13843}.Debug|Any CPU.ActiveCfg = Debug|Any CPU
		{44A9EFD1-9FD3-467C-A254-2E4C32D13843}.Debug|Any CPU.Build.0 = Debug|Any CPU
		{44A9EFD1-9FD3-467C-A254-2E4C32D13843}.Debug|Mixed Platforms.ActiveCfg = Debug|Any CPU
		{44A9EFD1-9FD3-467C-A254-2E4C32D13843}.Debug|Mixed Platforms.Build.0 = Debug|Any CPU
		{44A9EFD1-9FD3-467C-A254-2E4C32D13843}.Release|.NET.ActiveCfg = Release|Any CPU
		{44A9EFD1-9FD3-467C-A254-2E4C32D13843}.Release|Any CPU.ActiveCfg = Release|Any CPU
		{44A9EFD1-9FD3-467C-A254-2E4C32D13843}.Release|Any CPU.Build.0 = Release|Any CPU
		{44A9EFD1-9FD3-467C-A254-2E4C32D13843}.Release|Mixed Platforms.ActiveCfg = Release|Any CPU
		{44A9EFD1-9FD3-467C-A254-2E4C32D13843}.Release|Mixed Platforms.Build.0 = Release|Any CPU
		{0A5DE89E-1A58-4680-B46A-D3CC9D0E871C}.Debug|.NET.ActiveCfg = Debug|.NET
		{0A5DE89E-1A58-4680-B46A-D3CC9D0E871C}.Debug|.NET.Build.0 = Debug|.NET
		{0A5DE89E-1A58-4680-B46A-D3CC9D0E871C}.Debug|Any CPU.ActiveCfg = Debug|.NET
		{0A5DE89E-1A58-4680-B46A-D3CC9D0E871C}.Debug|Mixed Platforms.ActiveCfg = Debug|.NET
		{0A5DE89E-1A58-4680-B46A-D3CC9D0E871C}.Debug|Mixed Platforms.Build.0 = Debug|.NET
		{0A5DE89E-1A58-4680-B46A-D3CC9D0E871C}.Release|.NET.ActiveCfg = Debug|.NET
		{0A5DE89E-1A58-4680-B46A-D3CC9D0E871C}.Release|.NET.Build.0 = Debug|.NET
		{0A5DE89E-1A58-4680-B46A-D3CC9D0E871C}.Release|Any CPU.ActiveCfg = Debug|.NET
		{0A5DE89E-1A58-4680-B46A-D3CC9D0E871C}.Release|Mixed Platforms.ActiveCfg = Debug|.NET
		{0A5DE89E-1A58-4680-B46A-D3CC9D0E871C}.Release|Mixed Platforms.Build.0 = Debug|.NET
	EndGlobalSection
	GlobalSection(SolutionProperties) = preSolution
		HideSolutionNode = FALSE
	EndGlobalSection
EndGlobal
