
Microsoft Visual Studio Solution File, Format Version 9.00
# Visual Studio 2005
Project("{FAE04EC0-301F-11D3-BF4B-00C04F79EFBC}") = "SWFUpload", "flash\src\SWFUpload\SWFUpload.csproj", "{05F3DC4F-E625-4CEB-BCDA-4B951AE98874}"
EndProject
Project("{FAE04EC0-301F-11D3-BF4B-00C04F79EFBC}") = "Brettle.Web.NeatUpload", "dotnet\src\Brettle.Web.NeatUpload\Brettle.Web.NeatUpload.csproj", "{8C57C0B1-A668-4CDD-BE3B-54B15175BEC2}"
EndProject
Global
	GlobalSection(SolutionConfigurationPlatforms) = preSolution
		Debug|Any CPU = Debug|Any CPU
		Release|Any CPU = Release|Any CPU
	EndGlobalSection
	GlobalSection(ProjectConfigurationPlatforms) = postSolution
		{05F3DC4F-E625-4CEB-BCDA-4B951AE98874}.Debug|Any CPU.ActiveCfg = Debug|Any CPU
		{05F3DC4F-E625-4CEB-BCDA-4B951AE98874}.Debug|Any CPU.Build.0 = Debug|Any CPU
		{05F3DC4F-E625-4CEB-BCDA-4B951AE98874}.Release|Any CPU.ActiveCfg = Release|Any CPU
		{05F3DC4F-E625-4CEB-BCDA-4B951AE98874}.Release|Any CPU.Build.0 = Release|Any CPU
		{8C57C0B1-A668-4CDD-BE3B-54B15175BEC2}.Debug|Any CPU.ActiveCfg = Debug|Any CPU
		{8C57C0B1-A668-4CDD-BE3B-54B15175BEC2}.Debug|Any CPU.Build.0 = Debug|Any CPU
		{8C57C0B1-A668-4CDD-BE3B-54B15175BEC2}.Release|Any CPU.ActiveCfg = Release|Any CPU
		{8C57C0B1-A668-4CDD-BE3B-54B15175BEC2}.Release|Any CPU.Build.0 = Release|Any CPU
	EndGlobalSection
	GlobalSection(MonoDevelopProperties) = preSolution
		name = NeatUpload_VS2005
		version = 0.1
		StartupItem = flash\src\SWFUpload\SWFUpload.csproj
	EndGlobalSection
EndGlobal
