
Microsoft Visual Studio Solution File, Format Version 9.00
# Visual Studio 2005
Project("{FAE04EC0-301F-11D3-BF4B-00C04F79EFBC}") = "UploaderTest", "UploaderTest\UploaderTest.csproj", "{7B9F7543-0784-41E9-9F9E-F6814F0C1D52}"
EndProject
Project("{FAE04EC0-301F-11D3-BF4B-00C04F79EFBC}") = "SqlServerUploader", "SqlServerUploader\SqlServerUploader.csproj", "{32723920-B8AC-48AA-8D20-212CAD0E9BFA}"
EndProject
Global
	GlobalSection(SolutionConfigurationPlatforms) = preSolution
		Debug|Any CPU = Debug|Any CPU
		Release|Any CPU = Release|Any CPU
	EndGlobalSection
	GlobalSection(ProjectConfigurationPlatforms) = postSolution
		{7B9F7543-0784-41E9-9F9E-F6814F0C1D52}.Debug|Any CPU.ActiveCfg = Debug|Any CPU
		{7B9F7543-0784-41E9-9F9E-F6814F0C1D52}.Debug|Any CPU.Build.0 = Debug|Any CPU
		{7B9F7543-0784-41E9-9F9E-F6814F0C1D52}.Release|Any CPU.ActiveCfg = Release|Any CPU
		{7B9F7543-0784-41E9-9F9E-F6814F0C1D52}.Release|Any CPU.Build.0 = Release|Any CPU
		{32723920-B8AC-48AA-8D20-212CAD0E9BFA}.Debug|Any CPU.ActiveCfg = Debug|Any CPU
		{32723920-B8AC-48AA-8D20-212CAD0E9BFA}.Debug|Any CPU.Build.0 = Debug|Any CPU
		{32723920-B8AC-48AA-8D20-212CAD0E9BFA}.Release|Any CPU.ActiveCfg = Release|Any CPU
		{32723920-B8AC-48AA-8D20-212CAD0E9BFA}.Release|Any CPU.Build.0 = Release|Any CPU
	EndGlobalSection
	GlobalSection(SolutionProperties) = preSolution
		HideSolutionNode = FALSE
	EndGlobalSection
EndGlobal
